
Microsoft Visual Studio Solution File, Format Version 12.00
# Visual Studio Version 16
VisualStudioVersion = 16.0.30523.141
MinimumVisualStudioVersion = 10.0.40219.1
Project("{FAE04EC0-301F-11D3-BF4B-00C04F79EFBC}") = "ElectricityBill_Prabhdeep", "ElectricityBill_Prabhdeep\ElectricityBill_Prabhdeep.csproj", "{104C65B8-7713-447D-BB40-FDFED5E12E36}"
EndProject
Global
	GlobalSection(SolutionConfigurationPlatforms) = preSolution
		Debug|Any CPU = Debug|Any CPU
		Release|Any CPU = Release|Any CPU
	EndGlobalSection
	GlobalSection(ProjectConfigurationPlatforms) = postSolution
		{104C65B8-7713-447D-BB40-FDFED5E12E36}.Debug|Any CPU.ActiveCfg = Debug|Any CPU
		{104C65B8-7713-447D-BB40-FDFED5E12E36}.Debug|Any CPU.Build.0 = Debug|Any CPU
		{104C65B8-7713-447D-BB40-FDFED5E12E36}.Release|Any CPU.ActiveCfg = Release|Any CPU
		{104C65B8-7713-447D-BB40-FDFED5E12E36}.Release|Any CPU.Build.0 = Release|Any CPU
	EndGlobalSection
	GlobalSection(SolutionProperties) = preSolution
		HideSolutionNode = FALSE
	EndGlobalSection
	GlobalSection(ExtensibilityGlobals) = postSolution
		SolutionGuid = {7174DE83-9C39-4621-A8B9-6767B6F7D562}
	EndGlobalSection
EndGlobal
